
Microsoft Visual Studio Solution File, Format Version 12.00
# Visual Studio Version 17
VisualStudioVersion = 17.6.33513.286
MinimumVisualStudioVersion = 10.0.40219.1
Project("{9A19103F-16F7-4668-BE54-9A1E7A4F7556}") = "Temperatury", "Temperatury\Temperatury.csproj", "{E99A3FB7-DA61-4A11-8B09-A08527A076D2}"
EndProject
Project("{9A19103F-16F7-4668-BE54-9A1E7A4F7556}") = "Infrastructure", "Infrastructure\Infrastructure.csproj", "{18C6D6FF-9A69-4B70-8740-4421D506CD9C}"
EndProject
Project("{2150E333-8FDC-42A3-9474-1A3956D46DE8}") = "Infrastructure", "Infrastructure", "{85753B9D-ACC5-4A81-9941-A53300FA87AE}"
EndProject
Project("{2150E333-8FDC-42A3-9474-1A3956D46DE8}") = "Core", "Core", "{83FACB97-F4D0-4829-ADF6-A0BC0628D191}"
EndProject
Project("{9A19103F-16F7-4668-BE54-9A1E7A4F7556}") = "Domain", "Domain\Domain.csproj", "{F04943B0-4F99-4AE3-A75A-8DB9199BEC1A}"
EndProject
Project("{9A19103F-16F7-4668-BE54-9A1E7A4F7556}") = "Application", "Application\Application.csproj", "{73C2EEC0-D9D3-42FF-BC8A-2B651F576B66}"
EndProject
Project("{2150E333-8FDC-42A3-9474-1A3956D46DE8}") = "Server", "Server", "{BCF0F6CA-69BB-43B2-9505-297F81D566AC}"
EndProject
Project("{2150E333-8FDC-42A3-9474-1A3956D46DE8}") = "Solution Items", "Solution Items", "{9832B934-4D45-460D-A6DB-DFE221490856}"
	ProjectSection(SolutionItems) = preProject
		dockerfile = dockerfile
	EndProjectSection
EndProject
Global
	GlobalSection(SolutionConfigurationPlatforms) = preSolution
		Debug|Any CPU = Debug|Any CPU
		Release|Any CPU = Release|Any CPU
	EndGlobalSection
	GlobalSection(ProjectConfigurationPlatforms) = postSolution
		{E99A3FB7-DA61-4A11-8B09-A08527A076D2}.Debug|Any CPU.ActiveCfg = Debug|Any CPU
		{E99A3FB7-DA61-4A11-8B09-A08527A076D2}.Debug|Any CPU.Build.0 = Debug|Any CPU
		{E99A3FB7-DA61-4A11-8B09-A08527A076D2}.Release|Any CPU.ActiveCfg = Release|Any CPU
		{E99A3FB7-DA61-4A11-8B09-A08527A076D2}.Release|Any CPU.Build.0 = Release|Any CPU
		{18C6D6FF-9A69-4B70-8740-4421D506CD9C}.Debug|Any CPU.ActiveCfg = Debug|Any CPU
		{18C6D6FF-9A69-4B70-8740-4421D506CD9C}.Debug|Any CPU.Build.0 = Debug|Any CPU
		{18C6D6FF-9A69-4B70-8740-4421D506CD9C}.Release|Any CPU.ActiveCfg = Release|Any CPU
		{18C6D6FF-9A69-4B70-8740-4421D506CD9C}.Release|Any CPU.Build.0 = Release|Any CPU
		{F04943B0-4F99-4AE3-A75A-8DB9199BEC1A}.Debug|Any CPU.ActiveCfg = Debug|Any CPU
		{F04943B0-4F99-4AE3-A75A-8DB9199BEC1A}.Debug|Any CPU.Build.0 = Debug|Any CPU
		{F04943B0-4F99-4AE3-A75A-8DB9199BEC1A}.Release|Any CPU.ActiveCfg = Release|Any CPU
		{F04943B0-4F99-4AE3-A75A-8DB9199BEC1A}.Release|Any CPU.Build.0 = Release|Any CPU
		{73C2EEC0-D9D3-42FF-BC8A-2B651F576B66}.Debug|Any CPU.ActiveCfg = Debug|Any CPU
		{73C2EEC0-D9D3-42FF-BC8A-2B651F576B66}.Debug|Any CPU.Build.0 = Debug|Any CPU
		{73C2EEC0-D9D3-42FF-BC8A-2B651F576B66}.Release|Any CPU.ActiveCfg = Release|Any CPU
		{73C2EEC0-D9D3-42FF-BC8A-2B651F576B66}.Release|Any CPU.Build.0 = Release|Any CPU
	EndGlobalSection
	GlobalSection(SolutionProperties) = preSolution
		HideSolutionNode = FALSE
	EndGlobalSection
	GlobalSection(NestedProjects) = preSolution
		{E99A3FB7-DA61-4A11-8B09-A08527A076D2} = {BCF0F6CA-69BB-43B2-9505-297F81D566AC}
		{18C6D6FF-9A69-4B70-8740-4421D506CD9C} = {85753B9D-ACC5-4A81-9941-A53300FA87AE}
		{85753B9D-ACC5-4A81-9941-A53300FA87AE} = {9832B934-4D45-460D-A6DB-DFE221490856}
		{83FACB97-F4D0-4829-ADF6-A0BC0628D191} = {9832B934-4D45-460D-A6DB-DFE221490856}
		{F04943B0-4F99-4AE3-A75A-8DB9199BEC1A} = {83FACB97-F4D0-4829-ADF6-A0BC0628D191}
		{73C2EEC0-D9D3-42FF-BC8A-2B651F576B66} = {83FACB97-F4D0-4829-ADF6-A0BC0628D191}
		{BCF0F6CA-69BB-43B2-9505-297F81D566AC} = {9832B934-4D45-460D-A6DB-DFE221490856}
	EndGlobalSection
	GlobalSection(ExtensibilityGlobals) = postSolution
		SolutionGuid = {D171FC37-E359-4DCB-8A7D-C0600891D246}
	EndGlobalSection
EndGlobal
